Microsoft Visual Studio Solution File, Format Version 12.00
# Visual Studio Version 17
VisualStudioVersion = 17.5.2.0
MinimumVisualStudioVersion = 10.0.40219.1
Project("{FAE04EC0-301F-11D3-BF4B-00C04F79EFBC}") = "SCPSLTemplateGenerator", "SCPSLTemplateGenerator.csproj", "{99656307-88A5-A969-0325-42DD7B8E4B5D}"
EndProject
Global
	GlobalSection(SolutionConfigurationPlatforms) = preSolution
		Debug|Any CPU = Debug|Any CPU
		Release|Any CPU = Release|Any CPU
	EndGlobalSection
	GlobalSection(ProjectConfigurationPlatforms) = postSolution
		{99656307-88A5-A969-0325-42DD7B8E4B5D}.Debug|Any CPU.ActiveCfg = Debug|Any CPU
		{99656307-88A5-A969-0325-42DD7B8E4B5D}.Debug|Any CPU.Build.0 = Debug|Any CPU
		{99656307-88A5-A969-0325-42DD7B8E4B5D}.Release|Any CPU.ActiveCfg = Release|Any CPU
		{99656307-88A5-A969-0325-42DD7B8E4B5D}.Release|Any CPU.Build.0 = Release|Any CPU
	EndGlobalSection
	GlobalSection(SolutionProperties) = preSolution
		HideSolutionNode = FALSE
	EndGlobalSection
	GlobalSection(ExtensibilityGlobals) = postSolution
		SolutionGuid = {267738D3-60EB-4FB4-8A20-5115E57A7947}
	EndGlobalSection
EndGlobal
